{
  "name": "react_js",
  "version": "1.0.0",
  "lockfileVersion": 3,
  "requires": true,
  "packages": {
    "": {
      "name": "react_js",
      "version": "1.0.0",
      "license": "ISC",
      "workspaces": [
        "apps/*"
      ]
    },
    "apps/first-app": {
      "name": "@react_js/first-app",
      "version": "1.0.0",
      "extraneous": true,
      "license": "ISC"
    }
  }
}
